
Microsoft Visual Studio Solution File, Format Version 12.00
# Visual Studio Version 17
VisualStudioVersion = 17.5.002.0
MinimumVisualStudioVersion = 10.0.40219.1
Project("{9A19103F-16F7-4668-BE54-9A1E7A4F7556}") = "Exercicio3", "Exercicio3.csproj", "{EF39BA50-3236-4A0B-98D5-E54328473A2E}"
EndProject
Global
	GlobalSection(SolutionConfigurationPlatforms) = preSolution
		Debug|Any CPU = Debug|Any CPU
		Release|Any CPU = Release|Any CPU
	EndGlobalSection
	GlobalSection(ProjectConfigurationPlatforms) = postSolution
		{EF39BA50-3236-4A0B-98D5-E54328473A2E}.Debug|Any CPU.ActiveCfg = Debug|Any CPU
		{EF39BA50-3236-4A0B-98D5-E54328473A2E}.Debug|Any CPU.Build.0 = Debug|Any CPU
		{EF39BA50-3236-4A0B-98D5-E54328473A2E}.Release|Any CPU.ActiveCfg = Release|Any CPU
		{EF39BA50-3236-4A0B-98D5-E54328473A2E}.Release|Any CPU.Build.0 = Release|Any CPU
	EndGlobalSection
	GlobalSection(SolutionProperties) = preSolution
		HideSolutionNode = FALSE
	EndGlobalSection
	GlobalSection(ExtensibilityGlobals) = postSolution
		SolutionGuid = {53BB52D6-747A-4EDB-BE8C-29BF5AAAE781}
	EndGlobalSection
EndGlobal
